
Microsoft Visual Studio Solution File, Format Version 12.00
# Visual Studio Version 17
VisualStudioVersion = 17.1.32210.238
MinimumVisualStudioVersion = 10.0.40219.1
Project("{9A19103F-16F7-4668-BE54-9A1E7A4F7556}") = "WPF ListBox", "WPF ListBox\WPF ListBox.csproj", "{D60C1261-175C-4AE7-B9B0-B6BEACAE9490}"
EndProject
Project("{9A19103F-16F7-4668-BE54-9A1E7A4F7556}") = "WPF ListView", "WPF ListView\WPF ListView.csproj", "{CA19EBCD-990A-43A3-9C6C-89C40A5A0227}"
EndProject
Project("{9A19103F-16F7-4668-BE54-9A1E7A4F7556}") = "WPF ComboBox", "WPF ComboBox\WPF ComboBox.csproj", "{81E99D68-9484-4C00-B40D-9C1B6E8A069B}"
EndProject
Project("{9A19103F-16F7-4668-BE54-9A1E7A4F7556}") = "WPF DataGrid", "WPF DataGrid\WPF DataGrid.csproj", "{73C5CDD8-5E3E-4511-9D75-7FD58F588220}"
EndProject
Project("{FAE04EC0-301F-11D3-BF4B-00C04F79EFBC}") = "WPF TreeView", "WPF TreeView\WPF TreeView.csproj", "{E62629B2-1AA3-4F1F-9BBC-B9988CF60204}"
EndProject
Global
	GlobalSection(SolutionConfigurationPlatforms) = preSolution
		Debug|Any CPU = Debug|Any CPU
		Release|Any CPU = Release|Any CPU
	EndGlobalSection
	GlobalSection(ProjectConfigurationPlatforms) = postSolution
		{D60C1261-175C-4AE7-B9B0-B6BEACAE9490}.Debug|Any CPU.ActiveCfg = Debug|Any CPU
		{D60C1261-175C-4AE7-B9B0-B6BEACAE9490}.Debug|Any CPU.Build.0 = Debug|Any CPU
		{D60C1261-175C-4AE7-B9B0-B6BEACAE9490}.Release|Any CPU.ActiveCfg = Release|Any CPU
		{D60C1261-175C-4AE7-B9B0-B6BEACAE9490}.Release|Any CPU.Build.0 = Release|Any CPU
		{CA19EBCD-990A-43A3-9C6C-89C40A5A0227}.Debug|Any CPU.ActiveCfg = Debug|Any CPU
		{CA19EBCD-990A-43A3-9C6C-89C40A5A0227}.Debug|Any CPU.Build.0 = Debug|Any CPU
		{CA19EBCD-990A-43A3-9C6C-89C40A5A0227}.Release|Any CPU.ActiveCfg = Release|Any CPU
		{CA19EBCD-990A-43A3-9C6C-89C40A5A0227}.Release|Any CPU.Build.0 = Release|Any CPU
		{81E99D68-9484-4C00-B40D-9C1B6E8A069B}.Debug|Any CPU.ActiveCfg = Debug|Any CPU
		{81E99D68-9484-4C00-B40D-9C1B6E8A069B}.Debug|Any CPU.Build.0 = Debug|Any CPU
		{81E99D68-9484-4C00-B40D-9C1B6E8A069B}.Release|Any CPU.ActiveCfg = Release|Any CPU
		{81E99D68-9484-4C00-B40D-9C1B6E8A069B}.Release|Any CPU.Build.0 = Release|Any CPU
		{73C5CDD8-5E3E-4511-9D75-7FD58F588220}.Debug|Any CPU.ActiveCfg = Debug|Any CPU
		{73C5CDD8-5E3E-4511-9D75-7FD58F588220}.Debug|Any CPU.Build.0 = Debug|Any CPU
		{73C5CDD8-5E3E-4511-9D75-7FD58F588220}.Release|Any CPU.ActiveCfg = Release|Any CPU
		{73C5CDD8-5E3E-4511-9D75-7FD58F588220}.Release|Any CPU.Build.0 = Release|Any CPU
		{E62629B2-1AA3-4F1F-9BBC-B9988CF60204}.Debug|Any CPU.ActiveCfg = Debug|Any CPU
		{E62629B2-1AA3-4F1F-9BBC-B9988CF60204}.Debug|Any CPU.Build.0 = Debug|Any CPU
		{E62629B2-1AA3-4F1F-9BBC-B9988CF60204}.Release|Any CPU.ActiveCfg = Release|Any CPU
		{E62629B2-1AA3-4F1F-9BBC-B9988CF60204}.Release|Any CPU.Build.0 = Release|Any CPU
	EndGlobalSection
	GlobalSection(SolutionProperties) = preSolution
		HideSolutionNode = FALSE
	EndGlobalSection
	GlobalSection(ExtensibilityGlobals) = postSolution
		SolutionGuid = {09D43EF1-D421-4178-BED6-100359921AE7}
	EndGlobalSection
EndGlobal
